
Microsoft Visual Studio Solution File, Format Version 12.00
# Visual Studio 14
VisualStudioVersion = 14.0.25123.0
MinimumVisualStudioVersion = 10.0.40219.1
Project("{2150E333-8FDC-42A3-9474-1A3956D46DE8}") = "src", "src", "{2FE0A5F5-B362-4D80-8328-6EADF349E3A7}"
EndProject
Project("{2150E333-8FDC-42A3-9474-1A3956D46DE8}") = "Solution Items", "Solution Items", "{DF8A2E3F-C56A-4500-80E1-DCAB28727F9C}"
	ProjectSection(SolutionItems) = preProject
		global.json = global.json
	EndProjectSection
EndProject
Project("{8BB2217D-0F2D-49D1-97BC-3654ED321F3B}") = "CPM.Business", "src\CPM.Business\CPM.Business.xproj", "{B5B25FEF-5900-4FBA-AB18-4C0B6D928E36}"
EndProject
Project("{8BB2217D-0F2D-49D1-97BC-3654ED321F3B}") = "CPM.Data", "src\CPM.Data\CPM.Data.xproj", "{BA2D6665-BE08-49DE-9415-FB13644374C9}"
EndProject
Project("{8BB2217D-0F2D-49D1-97BC-3654ED321F3B}") = "CpmLib.Data", "src\CpmLib.Data\CpmLib.Data.xproj", "{388A6F33-5046-4A1F-9DD5-B12DF576FE07}"
EndProject
Project("{8BB2217D-0F2D-49D1-97BC-3654ED321F3B}") = "CpmLib.Web", "src\CpmLib.Web\CpmLib.Web.xproj", "{E9E59A1B-743F-4A14-A77F-D088E5B9ACC1}"
EndProject
Project("{8BB2217D-0F2D-49D1-97BC-3654ED321F3B}") = "CpmLib.Business", "src\CpmLib.Business\CpmLib.Business.xproj", "{CD4BC94B-CEBC-4341-90D9-21614D6D8FEF}"
EndProject
Project("{8BB2217D-0F2D-49D1-97BC-3654ED321F3B}") = "CPM.Web", "src\CPM.Web\CPM.Web.xproj", "{9D3DB12D-88A0-4287-9B20-DFFD5FFEC389}"
EndProject
Global
	GlobalSection(SolutionConfigurationPlatforms) = preSolution
		Debug|Any CPU = Debug|Any CPU
		Release|Any CPU = Release|Any CPU
	EndGlobalSection
	GlobalSection(ProjectConfigurationPlatforms) = postSolution
		{A16735F8-E9D5-46CF-85E2-EE32A1E61816}.Debug|Any CPU.ActiveCfg = Debug|Any CPU
		{A16735F8-E9D5-46CF-85E2-EE32A1E61816}.Debug|Any CPU.Build.0 = Debug|Any CPU
		{A16735F8-E9D5-46CF-85E2-EE32A1E61816}.Release|Any CPU.ActiveCfg = Release|Any CPU
		{A16735F8-E9D5-46CF-85E2-EE32A1E61816}.Release|Any CPU.Build.0 = Release|Any CPU
		{B5B25FEF-5900-4FBA-AB18-4C0B6D928E36}.Debug|Any CPU.ActiveCfg = Debug|Any CPU
		{B5B25FEF-5900-4FBA-AB18-4C0B6D928E36}.Debug|Any CPU.Build.0 = Debug|Any CPU
		{B5B25FEF-5900-4FBA-AB18-4C0B6D928E36}.Release|Any CPU.ActiveCfg = Release|Any CPU
		{B5B25FEF-5900-4FBA-AB18-4C0B6D928E36}.Release|Any CPU.Build.0 = Release|Any CPU
		{BA2D6665-BE08-49DE-9415-FB13644374C9}.Debug|Any CPU.ActiveCfg = Debug|Any CPU
		{BA2D6665-BE08-49DE-9415-FB13644374C9}.Debug|Any CPU.Build.0 = Debug|Any CPU
		{BA2D6665-BE08-49DE-9415-FB13644374C9}.Release|Any CPU.ActiveCfg = Release|Any CPU
		{BA2D6665-BE08-49DE-9415-FB13644374C9}.Release|Any CPU.Build.0 = Release|Any CPU
		{388A6F33-5046-4A1F-9DD5-B12DF576FE07}.Debug|Any CPU.ActiveCfg = Debug|Any CPU
		{388A6F33-5046-4A1F-9DD5-B12DF576FE07}.Debug|Any CPU.Build.0 = Debug|Any CPU
		{388A6F33-5046-4A1F-9DD5-B12DF576FE07}.Release|Any CPU.ActiveCfg = Release|Any CPU
		{388A6F33-5046-4A1F-9DD5-B12DF576FE07}.Release|Any CPU.Build.0 = Release|Any CPU
		{E9E59A1B-743F-4A14-A77F-D088E5B9ACC1}.Debug|Any CPU.ActiveCfg = Debug|Any CPU
		{E9E59A1B-743F-4A14-A77F-D088E5B9ACC1}.Debug|Any CPU.Build.0 = Debug|Any CPU
		{E9E59A1B-743F-4A14-A77F-D088E5B9ACC1}.Release|Any CPU.ActiveCfg = Release|Any CPU
		{E9E59A1B-743F-4A14-A77F-D088E5B9ACC1}.Release|Any CPU.Build.0 = Release|Any CPU
		{CD4BC94B-CEBC-4341-90D9-21614D6D8FEF}.Debug|Any CPU.ActiveCfg = Debug|Any CPU
		{CD4BC94B-CEBC-4341-90D9-21614D6D8FEF}.Debug|Any CPU.Build.0 = Debug|Any CPU
		{CD4BC94B-CEBC-4341-90D9-21614D6D8FEF}.Release|Any CPU.ActiveCfg = Release|Any CPU
		{CD4BC94B-CEBC-4341-90D9-21614D6D8FEF}.Release|Any CPU.Build.0 = Release|Any CPU
		{9D3DB12D-88A0-4287-9B20-DFFD5FFEC389}.Debug|Any CPU.ActiveCfg = Debug|Any CPU
		{9D3DB12D-88A0-4287-9B20-DFFD5FFEC389}.Debug|Any CPU.Build.0 = Debug|Any CPU
		{9D3DB12D-88A0-4287-9B20-DFFD5FFEC389}.Release|Any CPU.ActiveCfg = Release|Any CPU
		{9D3DB12D-88A0-4287-9B20-DFFD5FFEC389}.Release|Any CPU.Build.0 = Release|Any CPU
	EndGlobalSection
	GlobalSection(SolutionProperties) = preSolution
		HideSolutionNode = FALSE
	EndGlobalSection
	GlobalSection(NestedProjects) = preSolution
		{A16735F8-E9D5-46CF-85E2-EE32A1E61816} = {2FE0A5F5-B362-4D80-8328-6EADF349E3A7}
		{B5B25FEF-5900-4FBA-AB18-4C0B6D928E36} = {2FE0A5F5-B362-4D80-8328-6EADF349E3A7}
		{BA2D6665-BE08-49DE-9415-FB13644374C9} = {2FE0A5F5-B362-4D80-8328-6EADF349E3A7}
		{388A6F33-5046-4A1F-9DD5-B12DF576FE07} = {2FE0A5F5-B362-4D80-8328-6EADF349E3A7}
		{E9E59A1B-743F-4A14-A77F-D088E5B9ACC1} = {2FE0A5F5-B362-4D80-8328-6EADF349E3A7}
		{CD4BC94B-CEBC-4341-90D9-21614D6D8FEF} = {2FE0A5F5-B362-4D80-8328-6EADF349E3A7}
		{9D3DB12D-88A0-4287-9B20-DFFD5FFEC389} = {2FE0A5F5-B362-4D80-8328-6EADF349E3A7}
	EndGlobalSection
EndGlobal
